
Microsoft Visual Studio Solution File, Format Version 12.00
# Visual Studio 14
VisualStudioVersion = 14.0.25420.1
MinimumVisualStudioVersion = 10.0.40219.1
Project("{2150E333-8FDC-42A3-9474-1A3956D46DE8}") = "src", "src", "{42A47D10-1323-4BC8-A39A-5B6692EF044E}"
EndProject
Project("{2150E333-8FDC-42A3-9474-1A3956D46DE8}") = "Solution Items", "Solution Items", "{0A135D1B-6A59-47A8-AEE9-B99B994F10CE}"
	ProjectSection(SolutionItems) = preProject
		global.json = global.json
		readme.txt = readme.txt
	EndProjectSection
EndProject
Project("{8BB2217D-0F2D-49D1-97BC-3654ED321F3B}") = "gitWeb", "src\gitWeb\gitWeb.xproj", "{B9DCF599-7FF5-484E-B9DC-01FD80A76C40}"
EndProject
Project("{FAE04EC0-301F-11D3-BF4B-00C04F79EFBC}") = "gitLibTestingApp", "gitLibTestingApp\gitLibTestingApp.csproj", "{A883AA47-E6D6-46FA-B758-1983ADDA49FA}"
EndProject
Global
	GlobalSection(SolutionConfigurationPlatforms) = preSolution
		Debug|Any CPU = Debug|Any CPU
		Release|Any CPU = Release|Any CPU
	EndGlobalSection
	GlobalSection(ProjectConfigurationPlatforms) = postSolution
		{B9DCF599-7FF5-484E-B9DC-01FD80A76C40}.Debug|Any CPU.ActiveCfg = Debug|Any CPU
		{B9DCF599-7FF5-484E-B9DC-01FD80A76C40}.Debug|Any CPU.Build.0 = Debug|Any CPU
		{B9DCF599-7FF5-484E-B9DC-01FD80A76C40}.Release|Any CPU.ActiveCfg = Release|Any CPU
		{B9DCF599-7FF5-484E-B9DC-01FD80A76C40}.Release|Any CPU.Build.0 = Release|Any CPU
		{A883AA47-E6D6-46FA-B758-1983ADDA49FA}.Debug|Any CPU.ActiveCfg = Debug|Any CPU
		{A883AA47-E6D6-46FA-B758-1983ADDA49FA}.Debug|Any CPU.Build.0 = Debug|Any CPU
		{A883AA47-E6D6-46FA-B758-1983ADDA49FA}.Release|Any CPU.ActiveCfg = Release|Any CPU
		{A883AA47-E6D6-46FA-B758-1983ADDA49FA}.Release|Any CPU.Build.0 = Release|Any CPU
	EndGlobalSection
	GlobalSection(SolutionProperties) = preSolution
		HideSolutionNode = FALSE
	EndGlobalSection
	GlobalSection(NestedProjects) = preSolution
		{B9DCF599-7FF5-484E-B9DC-01FD80A76C40} = {42A47D10-1323-4BC8-A39A-5B6692EF044E}
	EndGlobalSection
EndGlobal
